
Microsoft Visual Studio Solution File, Format Version 12.00
# Visual Studio 15
VisualStudioVersion = 15.0.33919.361
MinimumVisualStudioVersion = 10.0.40219.1
Project("{FAE04EC0-301F-11D3-BF4B-00C04F79EFBC}") = "Excel1", "Excel\Excel1.csproj", "{4DF02788-A453-4C78-AED4-F54116F1286E}"
EndProject
Global
	GlobalSection(SolutionConfigurationPlatforms) = preSolution
		Debug|Any CPU = Debug|Any CPU
		Release|Any CPU = Release|Any CPU
	EndGlobalSection
	GlobalSection(ProjectConfigurationPlatforms) = postSolution
		{4DF02788-A453-4C78-AED4-F54116F1286E}.Debug|Any CPU.ActiveCfg = Debug|Any CPU
		{4DF02788-A453-4C78-AED4-F54116F1286E}.Debug|Any CPU.Build.0 = Debug|Any CPU
		{4DF02788-A453-4C78-AED4-F54116F1286E}.Release|Any CPU.ActiveCfg = Release|Any CPU
		{4DF02788-A453-4C78-AED4-F54116F1286E}.Release|Any CPU.Build.0 = Release|Any CPU
	EndGlobalSection
	GlobalSection(SolutionProperties) = preSolution
		HideSolutionNode = FALSE
	EndGlobalSection
	GlobalSection(ExtensibilityGlobals) = postSolution
		SolutionGuid = {F543BD78-975D-4665-AEC1-039D7FA9F388}
	EndGlobalSection
EndGlobal
